
Microsoft Visual Studio Solution File, Format Version 12.00
# Visual Studio Version 17
VisualStudioVersion = 17.11.35208.52
MinimumVisualStudioVersion = 10.0.40219.1
Project("{FAE04EC0-301F-11D3-BF4B-00C04F79EFBC}") = "WilliamRamirez_Examen1P", "WilliamRamirez_Examen1P.csproj", "{113F15C2-58A2-4EDF-ABB1-7A364CF1DF93}"
EndProject
Global
	GlobalSection(SolutionConfigurationPlatforms) = preSolution
		Debug|Any CPU = Debug|Any CPU
		Release|Any CPU = Release|Any CPU
	EndGlobalSection
	GlobalSection(ProjectConfigurationPlatforms) = postSolution
		{113F15C2-58A2-4EDF-ABB1-7A364CF1DF93}.Debug|Any CPU.ActiveCfg = Debug|Any CPU
		{113F15C2-58A2-4EDF-ABB1-7A364CF1DF93}.Debug|Any CPU.Build.0 = Debug|Any CPU
		{113F15C2-58A2-4EDF-ABB1-7A364CF1DF93}.Release|Any CPU.ActiveCfg = Release|Any CPU
		{113F15C2-58A2-4EDF-ABB1-7A364CF1DF93}.Release|Any CPU.Build.0 = Release|Any CPU
	EndGlobalSection
	GlobalSection(SolutionProperties) = preSolution
		HideSolutionNode = FALSE
	EndGlobalSection
	GlobalSection(ExtensibilityGlobals) = postSolution
		SolutionGuid = {25F2D2FF-B4F7-4F17-92D7-164D98D9D82C}
	EndGlobalSection
EndGlobal
